<?xml version="1.0" encoding="utf-8"?>
<Project ToolsVersion="4.0" xmlns="http://schemas.microsoft.com/developer/msbuild/2003">
  <ItemGroup>
    <Filter Include="Source Files">
      <UniqueIdentifier>{4FC737F1-C7A5-4376-A066-2A32D752A2FF}</UniqueIdentifier>
      <Extensions>cpp;c;cc;cxx;def;odl;idl;hpj;bat;asm;asmx</Extensions>
    </Filter>
    <Filter Include="Header Files">
      <UniqueIdentifier>{93995380-89BD-4b04-88EB-625FBE52EBFB}</UniqueIdentifier>
      <Extensions>h;hh;hpp;hxx;hm;inl;inc;xsd</Extensions>
    </Filter>
    <Filter Include="Resource Files">
      <UniqueIdentifier>{67DA6AB6-F800-4c08-8B7A-83BB121AAD01}</UniqueIdentifier>
      <Extensions>rc;ico;cur;bmp;dlg;rc2;rct;bin;rgs;gif;jpg;jpeg;jpe;resx;tiff;tif;png;wav;mfcribbon-ms</Extensions>
    </Filter>
  </ItemGroup>
  <ItemGroup>
    <Text Include="ReadMe.txt" />
  </ItemGroup>
  <ItemGroup>
    <ClInclude Include="stdafx.h">
      <Filter>Header Files</Filter>
    </ClInclude>
    <ClInclude Include="targetver.h">
      <Filter>Header Files</Filter>
    </ClInclude>
    <ClInclude Include="Almacen.h">
      <Filter>Header Files</Filter>
    </ClInclude>
    <ClInclude Include="Entrada.h">
      <Filter>Header Files</Filter>
    </ClInclude>
    <ClInclude Include="Factura.h">
      <Filter>Header Files</Filter>
    </ClInclude>
    <ClInclude Include="Inventario.h">
      <Filter>Header Files</Filter>
    </ClInclude>
    <ClInclude Include="LineaFactura.h">
      <Filter>Header Files</Filter>
    </ClInclude>
    <ClInclude Include="LineaProducto.h">
      <Filter>Header Files</Filter>
    </ClInclude>
    <ClInclude Include="LstAlmacenes.h">
      <Filter>Header Files</Filter>
    </ClInclude>
    <ClInclude Include="LstEntradas.h">
      <Filter>Header Files</Filter>
    </ClInclude>
    <ClInclude Include="LstFacturas.h">
      <Filter>Header Files</Filter>
    </ClInclude>
    <ClInclude Include="LstInventario.h">
      <Filter>Header Files</Filter>
    </ClInclude>
    <ClInclude Include="LstLineaFacturas.h">
      <Filter>Header Files</Filter>
    </ClInclude>
    <ClInclude Include="LstLineaProductos.h">
      <Filter>Header Files</Filter>
    </ClInclude>
    <ClInclude Include="LstProductos.h">
      <Filter>Header Files</Filter>
    </ClInclude>
    <ClInclude Include="LstSubLineaProductos.h">
      <Filter>Header Files</Filter>
    </ClInclude>
    <ClInclude Include="NAlamacen.h">
      <Filter>Header Files</Filter>
    </ClInclude>
    <ClInclude Include="NEntrada.h">
      <Filter>Header Files</Filter>
    </ClInclude>
    <ClInclude Include="NFactura.h">
      <Filter>Header Files</Filter>
    </ClInclude>
    <ClInclude Include="NInventario.h">
      <Filter>Header Files</Filter>
    </ClInclude>
    <ClInclude Include="NLineaFactura.h">
      <Filter>Header Files</Filter>
    </ClInclude>
    <ClInclude Include="NLineaProducto.h">
      <Filter>Header Files</Filter>
    </ClInclude>
    <ClInclude Include="NProducto.h">
      <Filter>Header Files</Filter>
    </ClInclude>
    <ClInclude Include="NSubLineaProducto.h">
      <Filter>Header Files</Filter>
    </ClInclude>
    <ClInclude Include="Producto.h">
      <Filter>Header Files</Filter>
    </ClInclude>
    <ClInclude Include="SubLineaProducto.h">
      <Filter>Header Files</Filter>
    </ClInclude>
  </ItemGroup>
  <ItemGroup>
    <ClCompile Include="stdafx.cpp">
      <Filter>Source Files</Filter>
    </ClCompile>
    <ClCompile Include="TestTechShoes.cpp">
      <Filter>Source Files</Filter>
    </ClCompile>
    <ClCompile Include="Almacen.cpp">
      <Filter>Source Files</Filter>
    </ClCompile>
    <ClCompile Include="Entrada.cpp">
      <Filter>Source Files</Filter>
    </ClCompile>
    <ClCompile Include="Factura.cpp">
      <Filter>Source Files</Filter>
    </ClCompile>
    <ClCompile Include="Inventario.cpp">
      <Filter>Source Files</Filter>
    </ClCompile>
    <ClCompile Include="LineaFactura.cpp">
      <Filter>Source Files</Filter>
    </ClCompile>
    <ClCompile Include="LineaProducto.cpp">
      <Filter>Source Files</Filter>
    </ClCompile>
    <ClCompile Include="LstEntradas.cpp">
      <Filter>Source Files</Filter>
    </ClCompile>
    <ClCompile Include="LstFacturas.cpp">
      <Filter>Source Files</Filter>
    </ClCompile>
    <ClCompile Include="LstInventario.cpp">
      <Filter>Source Files</Filter>
    </ClCompile>
    <ClCompile Include="LstLineaFacturas.cpp">
      <Filter>Source Files</Filter>
    </ClCompile>
    <ClCompile Include="LstLineaProductos.cpp">
      <Filter>Source Files</Filter>
    </ClCompile>
    <ClCompile Include="LstProductos.cpp">
      <Filter>Source Files</Filter>
    </ClCompile>
    <ClCompile Include="LstSubLineaProductos.cpp">
      <Filter>Source Files</Filter>
    </ClCompile>
    <ClCompile Include="NAlmacen.cpp">
      <Filter>Source Files</Filter>
    </ClCompile>
    <ClCompile Include="NEntrada.cpp">
      <Filter>Source Files</Filter>
    </ClCompile>
    <ClCompile Include="NFactura.cpp">
      <Filter>Source Files</Filter>
    </ClCompile>
    <ClCompile Include="NInventario.cpp">
      <Filter>Source Files</Filter>
    </ClCompile>
    <ClCompile Include="NLineaFactura.cpp">
      <Filter>Source Files</Filter>
    </ClCompile>
    <ClCompile Include="NLineaProducto.cpp">
      <Filter>Source Files</Filter>
    </ClCompile>
    <ClCompile Include="NProducto.cpp">
      <Filter>Source Files</Filter>
    </ClCompile>
    <ClCompile Include="NSubLineaProducto.cpp">
      <Filter>Source Files</Filter>
    </ClCompile>
    <ClCompile Include="Producto.cpp">
      <Filter>Source Files</Filter>
    </ClCompile>
    <ClCompile Include="SubLineaProducto.cpp">
      <Filter>Source Files</Filter>
    </ClCompile>
    <ClCompile Include="LstAlmacenes.cpp">
      <Filter>Source Files</Filter>
    </ClCompile>
  </ItemGroup>
</Project>